
Microsoft Visual Studio Solution File, Format Version 12.00
# Visual Studio Version 16
VisualStudioVersion = 16.0.31112.23
MinimumVisualStudioVersion = 10.0.40219.1
Project("{FAE04EC0-301F-11D3-BF4B-00C04F79EFBC}") = "VotacionesEventos", "VotacionesEventos\VotacionesEventos.csproj", "{75D94E1E-01A5-473C-AEF0-A7A5922661C8}"
EndProject
Global
	GlobalSection(SolutionConfigurationPlatforms) = preSolution
		Debug|Any CPU = Debug|Any CPU
		Release|Any CPU = Release|Any CPU
	EndGlobalSection
	GlobalSection(ProjectConfigurationPlatforms) = postSolution
		{75D94E1E-01A5-473C-AEF0-A7A5922661C8}.Debug|Any CPU.ActiveCfg = Debug|Any CPU
		{75D94E1E-01A5-473C-AEF0-A7A5922661C8}.Debug|Any CPU.Build.0 = Debug|Any CPU
		{75D94E1E-01A5-473C-AEF0-A7A5922661C8}.Release|Any CPU.ActiveCfg = Release|Any CPU
		{75D94E1E-01A5-473C-AEF0-A7A5922661C8}.Release|Any CPU.Build.0 = Release|Any CPU
	EndGlobalSection
	GlobalSection(SolutionProperties) = preSolution
		HideSolutionNode = FALSE
	EndGlobalSection
	GlobalSection(ExtensibilityGlobals) = postSolution
		SolutionGuid = {E3DBD0A9-9F35-43B7-A57C-5ED1D3C0FC11}
	EndGlobalSection
EndGlobal
